
Microsoft Visual Studio Solution File, Format Version 12.00
# Visual Studio 15
VisualStudioVersion = 15.0.28307.902
MinimumVisualStudioVersion = 10.0.40219.1
Project("{FAE04EC0-301F-11D3-BF4B-00C04F79EFBC}") = "CarouselViewDemo.Android", "CarouselViewDemo\CarouselViewDemo.Android\CarouselViewDemo.Android.csproj", "{9E89CC0B-37A1-481D-8045-E8F01A8BD7AB}"
EndProject
Project("{FAE04EC0-301F-11D3-BF4B-00C04F79EFBC}") = "CarouselViewDemo.iOS", "CarouselViewDemo\CarouselViewDemo.iOS\CarouselViewDemo.iOS.csproj", "{CF49BC9C-170E-4997-9585-DFCB7169F430}"
EndProject
Project("{FAE04EC0-301F-11D3-BF4B-00C04F79EFBC}") = "CarouselViewDemo", "CarouselViewDemo\CarouselViewDemo\CarouselViewDemo.csproj", "{899B80C7-11DC-4554-8FCC-EC89F56CF1EC}"
EndProject
Global
	GlobalSection(SolutionConfigurationPlatforms) = preSolution
		Ad-Hoc|Any CPU = Ad-Hoc|Any CPU
		Ad-Hoc|iPhone = Ad-Hoc|iPhone
		Ad-Hoc|iPhoneSimulator = Ad-Hoc|iPhoneSimulator
		AppStore|Any CPU = AppStore|Any CPU
		AppStore|iPhone = AppStore|iPhone
		AppStore|iPhoneSimulator = AppStore|iPhoneSimulator
		Debug|Any CPU = Debug|Any CPU
		Debug|iPhone = Debug|iPhone
		Debug|iPhoneSimulator = Debug|iPhoneSimulator
		Release|Any CPU = Release|Any CPU
		Release|iPhone = Release|iPhone
		Release|iPhoneSimulator = Release|iPhoneSimulator
	EndGlobalSection
	GlobalSection(ProjectConfigurationPlatforms) = postSolution
		{9E89CC0B-37A1-481D-8045-E8F01A8BD7AB}.Ad-Hoc|Any CPU.ActiveCfg = Release|Any CPU
		{9E89CC0B-37A1-481D-8045-E8F01A8BD7AB}.Ad-Hoc|Any CPU.Build.0 = Release|Any CPU
		{9E89CC0B-37A1-481D-8045-E8F01A8BD7AB}.Ad-Hoc|Any CPU.Deploy.0 = Release|Any CPU
		{9E89CC0B-37A1-481D-8045-E8F01A8BD7AB}.Ad-Hoc|iPhone.ActiveCfg = Release|Any CPU
		{9E89CC0B-37A1-481D-8045-E8F01A8BD7AB}.Ad-Hoc|iPhone.Build.0 = Release|Any CPU
		{9E89CC0B-37A1-481D-8045-E8F01A8BD7AB}.Ad-Hoc|iPhone.Deploy.0 = Release|Any CPU
		{9E89CC0B-37A1-481D-8045-E8F01A8BD7AB}.Ad-Hoc|iPhoneSimulator.ActiveCfg = Release|Any CPU
		{9E89CC0B-37A1-481D-8045-E8F01A8BD7AB}.Ad-Hoc|iPhoneSimulator.Build.0 = Release|Any CPU
		{9E89CC0B-37A1-481D-8045-E8F01A8BD7AB}.Ad-Hoc|iPhoneSimulator.Deploy.0 = Release|Any CPU
		{9E89CC0B-37A1-481D-8045-E8F01A8BD7AB}.AppStore|Any CPU.ActiveCfg = Release|Any CPU
		{9E89CC0B-37A1-481D-8045-E8F01A8BD7AB}.AppStore|Any CPU.Build.0 = Release|Any CPU
		{9E89CC0B-37A1-481D-8045-E8F01A8BD7AB}.AppStore|Any CPU.Deploy.0 = Release|Any CPU
		{9E89CC0B-37A1-481D-8045-E8F01A8BD7AB}.AppStore|iPhone.ActiveCfg = Release|Any CPU
		{9E89CC0B-37A1-481D-8045-E8F01A8BD7AB}.AppStore|iPhone.Build.0 = Release|Any CPU
		{9E89CC0B-37A1-481D-8045-E8F01A8BD7AB}.AppStore|iPhone.Deploy.0 = Release|Any CPU
		{9E89CC0B-37A1-481D-8045-E8F01A8BD7AB}.AppStore|iPhoneSimulator.ActiveCfg = Release|Any CPU
		{9E89CC0B-37A1-481D-8045-E8F01A8BD7AB}.AppStore|iPhoneSimulator.Build.0 = Release|Any CPU
		{9E89CC0B-37A1-481D-8045-E8F01A8BD7AB}.AppStore|iPhoneSimulator.Deploy.0 = Release|Any CPU
		{9E89CC0B-37A1-481D-8045-E8F01A8BD7AB}.Debug|Any CPU.ActiveCfg = Debug|Any CPU
		{9E89CC0B-37A1-481D-8045-E8F01A8BD7AB}.Debug|Any CPU.Build.0 = Debug|Any CPU
		{9E89CC0B-37A1-481D-8045-E8F01A8BD7AB}.Debug|Any CPU.Deploy.0 = Debug|Any CPU
		{9E89CC0B-37A1-481D-8045-E8F01A8BD7AB}.Debug|iPhone.ActiveCfg = Debug|Any CPU
		{9E89CC0B-37A1-481D-8045-E8F01A8BD7AB}.Debug|iPhone.Build.0 = Debug|Any CPU
		{9E89CC0B-37A1-481D-8045-E8F01A8BD7AB}.Debug|iPhone.Deploy.0 = Debug|Any CPU
		{9E89CC0B-37A1-481D-8045-E8F01A8BD7AB}.Debug|iPhoneSimulator.ActiveCfg = Debug|Any CPU
		{9E89CC0B-37A1-481D-8045-E8F01A8BD7AB}.Debug|iPhoneSimulator.Build.0 = Debug|Any CPU
		{9E89CC0B-37A1-481D-8045-E8F01A8BD7AB}.Debug|iPhoneSimulator.Deploy.0 = Debug|Any CPU
		{9E89CC0B-37A1-481D-8045-E8F01A8BD7AB}.Release|Any CPU.ActiveCfg = Release|Any CPU
		{9E89CC0B-37A1-481D-8045-E8F01A8BD7AB}.Release|Any CPU.Build.0 = Release|Any CPU
		{9E89CC0B-37A1-481D-8045-E8F01A8BD7AB}.Release|Any CPU.Deploy.0 = Release|Any CPU
		{9E89CC0B-37A1-481D-8045-E8F01A8BD7AB}.Release|iPhone.ActiveCfg = Release|Any CPU
		{9E89CC0B-37A1-481D-8045-E8F01A8BD7AB}.Release|iPhone.Build.0 = Release|Any CPU
		{9E89CC0B-37A1-481D-8045-E8F01A8BD7AB}.Release|iPhone.Deploy.0 = Release|Any CPU
		{9E89CC0B-37A1-481D-8045-E8F01A8BD7AB}.Release|iPhoneSimulator.ActiveCfg = Release|Any CPU
		{9E89CC0B-37A1-481D-8045-E8F01A8BD7AB}.Release|iPhoneSimulator.Build.0 = Release|Any CPU
		{9E89CC0B-37A1-481D-8045-E8F01A8BD7AB}.Release|iPhoneSimulator.Deploy.0 = Release|Any CPU
		{CF49BC9C-170E-4997-9585-DFCB7169F430}.Ad-Hoc|Any CPU.ActiveCfg = Ad-Hoc|iPhone
		{CF49BC9C-170E-4997-9585-DFCB7169F430}.Ad-Hoc|Any CPU.Build.0 = Ad-Hoc|iPhone
		{CF49BC9C-170E-4997-9585-DFCB7169F430}.Ad-Hoc|Any CPU.Deploy.0 = Ad-Hoc|iPhone
		{CF49BC9C-170E-4997-9585-DFCB7169F430}.Ad-Hoc|iPhone.ActiveCfg = Ad-Hoc|iPhone
		{CF49BC9C-170E-4997-9585-DFCB7169F430}.Ad-Hoc|iPhone.Build.0 = Ad-Hoc|iPhone
		{CF49BC9C-170E-4997-9585-DFCB7169F430}.Ad-Hoc|iPhone.Deploy.0 = Ad-Hoc|iPhone
		{CF49BC9C-170E-4997-9585-DFCB7169F430}.Ad-Hoc|iPhoneSimulator.ActiveCfg = Ad-Hoc|iPhoneSimulator
		{CF49BC9C-170E-4997-9585-DFCB7169F430}.Ad-Hoc|iPhoneSimulator.Build.0 = Ad-Hoc|iPhoneSimulator
		{CF49BC9C-170E-4997-9585-DFCB7169F430}.Ad-Hoc|iPhoneSimulator.Deploy.0 = Ad-Hoc|iPhoneSimulator
		{CF49BC9C-170E-4997-9585-DFCB7169F430}.AppStore|Any CPU.ActiveCfg = AppStore|iPhone
		{CF49BC9C-170E-4997-9585-DFCB7169F430}.AppStore|Any CPU.Build.0 = AppStore|iPhone
		{CF49BC9C-170E-4997-9585-DFCB7169F430}.AppStore|Any CPU.Deploy.0 = AppStore|iPhone
		{CF49BC9C-170E-4997-9585-DFCB7169F430}.AppStore|iPhone.ActiveCfg = AppStore|iPhone
		{CF49BC9C-170E-4997-9585-DFCB7169F430}.AppStore|iPhone.Build.0 = AppStore|iPhone
		{CF49BC9C-170E-4997-9585-DFCB7169F430}.AppStore|iPhone.Deploy.0 = AppStore|iPhone
		{CF49BC9C-170E-4997-9585-DFCB7169F430}.AppStore|iPhoneSimulator.ActiveCfg = AppStore|iPhoneSimulator
		{CF49BC9C-170E-4997-9585-DFCB7169F430}.AppStore|iPhoneSimulator.Build.0 = AppStore|iPhoneSimulator
		{CF49BC9C-170E-4997-9585-DFCB7169F430}.AppStore|iPhoneSimulator.Deploy.0 = AppStore|iPhoneSimulator
		{CF49BC9C-170E-4997-9585-DFCB7169F430}.Debug|Any CPU.ActiveCfg = Debug|iPhoneSimulator
		{CF49BC9C-170E-4997-9585-DFCB7169F430}.Debug|Any CPU.Build.0 = Debug|iPhoneSimulator
		{CF49BC9C-170E-4997-9585-DFCB7169F430}.Debug|Any CPU.Deploy.0 = Debug|iPhoneSimulator
		{CF49BC9C-170E-4997-9585-DFCB7169F430}.Debug|iPhone.ActiveCfg = Debug|iPhone
		{CF49BC9C-170E-4997-9585-DFCB7169F430}.Debug|iPhone.Build.0 = Debug|iPhone
		{CF49BC9C-170E-4997-9585-DFCB7169F430}.Debug|iPhone.Deploy.0 = Debug|iPhone
		{CF49BC9C-170E-4997-9585-DFCB7169F430}.Debug|iPhoneSimulator.ActiveCfg = Debug|iPhoneSimulator
		{CF49BC9C-170E-4997-9585-DFCB7169F430}.Debug|iPhoneSimulator.Build.0 = Debug|iPhoneSimulator
		{CF49BC9C-170E-4997-9585-DFCB7169F430}.Debug|iPhoneSimulator.Deploy.0 = Debug|iPhoneSimulator
		{CF49BC9C-170E-4997-9585-DFCB7169F430}.Release|Any CPU.ActiveCfg = Release|iPhone
		{CF49BC9C-170E-4997-9585-DFCB7169F430}.Release|Any CPU.Build.0 = Release|iPhone
		{CF49BC9C-170E-4997-9585-DFCB7169F430}.Release|Any CPU.Deploy.0 = Release|iPhone
		{CF49BC9C-170E-4997-9585-DFCB7169F430}.Release|iPhone.ActiveCfg = Release|iPhone
		{CF49BC9C-170E-4997-9585-DFCB7169F430}.Release|iPhone.Build.0 = Release|iPhone
		{CF49BC9C-170E-4997-9585-DFCB7169F430}.Release|iPhone.Deploy.0 = Release|iPhone
		{CF49BC9C-170E-4997-9585-DFCB7169F430}.Release|iPhoneSimulator.ActiveCfg = Release|iPhoneSimulator
		{CF49BC9C-170E-4997-9585-DFCB7169F430}.Release|iPhoneSimulator.Build.0 = Release|iPhoneSimulator
		{CF49BC9C-170E-4997-9585-DFCB7169F430}.Release|iPhoneSimulator.Deploy.0 = Release|iPhoneSimulator
		{899B80C7-11DC-4554-8FCC-EC89F56CF1EC}.Ad-Hoc|Any CPU.ActiveCfg = Debug|Any CPU
		{899B80C7-11DC-4554-8FCC-EC89F56CF1EC}.Ad-Hoc|Any CPU.Build.0 = Debug|Any CPU
		{899B80C7-11DC-4554-8FCC-EC89F56CF1EC}.Ad-Hoc|Any CPU.Deploy.0 = Debug|Any CPU
		{899B80C7-11DC-4554-8FCC-EC89F56CF1EC}.Ad-Hoc|iPhone.ActiveCfg = Debug|Any CPU
		{899B80C7-11DC-4554-8FCC-EC89F56CF1EC}.Ad-Hoc|iPhone.Build.0 = Debug|Any CPU
		{899B80C7-11DC-4554-8FCC-EC89F56CF1EC}.Ad-Hoc|iPhone.Deploy.0 = Debug|Any CPU
		{899B80C7-11DC-4554-8FCC-EC89F56CF1EC}.Ad-Hoc|iPhoneSimulator.ActiveCfg = Debug|Any CPU
		{899B80C7-11DC-4554-8FCC-EC89F56CF1EC}.Ad-Hoc|iPhoneSimulator.Build.0 = Debug|Any CPU
		{899B80C7-11DC-4554-8FCC-EC89F56CF1EC}.Ad-Hoc|iPhoneSimulator.Deploy.0 = Debug|Any CPU
		{899B80C7-11DC-4554-8FCC-EC89F56CF1EC}.AppStore|Any CPU.ActiveCfg = Debug|Any CPU
		{899B80C7-11DC-4554-8FCC-EC89F56CF1EC}.AppStore|Any CPU.Build.0 = Debug|Any CPU
		{899B80C7-11DC-4554-8FCC-EC89F56CF1EC}.AppStore|Any CPU.Deploy.0 = Debug|Any CPU
		{899B80C7-11DC-4554-8FCC-EC89F56CF1EC}.AppStore|iPhone.ActiveCfg = Debug|Any CPU
		{899B80C7-11DC-4554-8FCC-EC89F56CF1EC}.AppStore|iPhone.Build.0 = Debug|Any CPU
		{899B80C7-11DC-4554-8FCC-EC89F56CF1EC}.AppStore|iPhone.Deploy.0 = Debug|Any CPU
		{899B80C7-11DC-4554-8FCC-EC89F56CF1EC}.AppStore|iPhoneSimulator.ActiveCfg = Debug|Any CPU
		{899B80C7-11DC-4554-8FCC-EC89F56CF1EC}.AppStore|iPhoneSimulator.Build.0 = Debug|Any CPU
		{899B80C7-11DC-4554-8FCC-EC89F56CF1EC}.AppStore|iPhoneSimulator.Deploy.0 = Debug|Any CPU
		{899B80C7-11DC-4554-8FCC-EC89F56CF1EC}.Debug|Any CPU.ActiveCfg = Debug|Any CPU
		{899B80C7-11DC-4554-8FCC-EC89F56CF1EC}.Debug|Any CPU.Build.0 = Debug|Any CPU
		{899B80C7-11DC-4554-8FCC-EC89F56CF1EC}.Debug|Any CPU.Deploy.0 = Debug|Any CPU
		{899B80C7-11DC-4554-8FCC-EC89F56CF1EC}.Debug|iPhone.ActiveCfg = Debug|Any CPU
		{899B80C7-11DC-4554-8FCC-EC89F56CF1EC}.Debug|iPhone.Build.0 = Debug|Any CPU
		{899B80C7-11DC-4554-8FCC-EC89F56CF1EC}.Debug|iPhone.Deploy.0 = Debug|Any CPU
		{899B80C7-11DC-4554-8FCC-EC89F56CF1EC}.Debug|iPhoneSimulator.ActiveCfg = Debug|Any CPU
		{899B80C7-11DC-4554-8FCC-EC89F56CF1EC}.Debug|iPhoneSimulator.Build.0 = Debug|Any CPU
		{899B80C7-11DC-4554-8FCC-EC89F56CF1EC}.Debug|iPhoneSimulator.Deploy.0 = Debug|Any CPU
		{899B80C7-11DC-4554-8FCC-EC89F56CF1EC}.Release|Any CPU.ActiveCfg = Release|Any CPU
		{899B80C7-11DC-4554-8FCC-EC89F56CF1EC}.Release|Any CPU.Build.0 = Release|Any CPU
		{899B80C7-11DC-4554-8FCC-EC89F56CF1EC}.Release|Any CPU.Deploy.0 = Release|Any CPU
		{899B80C7-11DC-4554-8FCC-EC89F56CF1EC}.Release|iPhone.ActiveCfg = Release|Any CPU
		{899B80C7-11DC-4554-8FCC-EC89F56CF1EC}.Release|iPhone.Build.0 = Release|Any CPU
		{899B80C7-11DC-4554-8FCC-EC89F56CF1EC}.Release|iPhone.Deploy.0 = Release|Any CPU
		{899B80C7-11DC-4554-8FCC-EC89F56CF1EC}.Release|iPhoneSimulator.ActiveCfg = Release|Any CPU
		{899B80C7-11DC-4554-8FCC-EC89F56CF1EC}.Release|iPhoneSimulator.Build.0 = Release|Any CPU
		{899B80C7-11DC-4554-8FCC-EC89F56CF1EC}.Release|iPhoneSimulator.Deploy.0 = Release|Any CPU
	EndGlobalSection
	GlobalSection(SolutionProperties) = preSolution
		HideSolutionNode = FALSE
	EndGlobalSection
	GlobalSection(ExtensibilityGlobals) = postSolution
		SolutionGuid = {BED08C02-C377-4465-8FBD-3181299DE8A6}
	EndGlobalSection
EndGlobal
